
Microsoft Visual Studio Solution File, Format Version 12.00
# Visual Studio Version 17
VisualStudioVersion = 17.3.32811.315
MinimumVisualStudioVersion = 10.0.40219.1
Project("{FAE04EC0-301F-11D3-BF4B-00C04F79EFBC}") = "ChatClient", "ChatClient\ChatClient.csproj", "{176807B9-3436-4EC6-9D76-321D5C4B9119}"
EndProject
Global
	GlobalSection(SolutionConfigurationPlatforms) = preSolution
		Debug|Any CPU = Debug|Any CPU
		Release|Any CPU = Release|Any CPU
	EndGlobalSection
	GlobalSection(ProjectConfigurationPlatforms) = postSolution
		{176807B9-3436-4EC6-9D76-321D5C4B9119}.Debug|Any CPU.ActiveCfg = Debug|Any CPU
		{176807B9-3436-4EC6-9D76-321D5C4B9119}.Debug|Any CPU.Build.0 = Debug|Any CPU
		{176807B9-3436-4EC6-9D76-321D5C4B9119}.Release|Any CPU.ActiveCfg = Release|Any CPU
		{176807B9-3436-4EC6-9D76-321D5C4B9119}.Release|Any CPU.Build.0 = Release|Any CPU
	EndGlobalSection
	GlobalSection(SolutionProperties) = preSolution
		HideSolutionNode = FALSE
	EndGlobalSection
	GlobalSection(ExtensibilityGlobals) = postSolution
		SolutionGuid = {6E0773FC-C0AB-448A-83BB-9F72FBA0BAA0}
	EndGlobalSection
EndGlobal
