
Microsoft Visual Studio Solution File, Format Version 12.00
# Visual Studio Version 17
VisualStudioVersion = 17.3.32811.315
MinimumVisualStudioVersion = 10.0.40219.1
Project("{FAE04EC0-301F-11D3-BF4B-00C04F79EFBC}") = "ChatServer", "ChatServer\ChatServer.csproj", "{36E1A850-5013-45AF-8FE1-D2D2034F8ED6}"
EndProject
Global
	GlobalSection(SolutionConfigurationPlatforms) = preSolution
		Debug|Any CPU = Debug|Any CPU
		Release|Any CPU = Release|Any CPU
	EndGlobalSection
	GlobalSection(ProjectConfigurationPlatforms) = postSolution
		{36E1A850-5013-45AF-8FE1-D2D2034F8ED6}.Debug|Any CPU.ActiveCfg = Debug|Any CPU
		{36E1A850-5013-45AF-8FE1-D2D2034F8ED6}.Debug|Any CPU.Build.0 = Debug|Any CPU
		{36E1A850-5013-45AF-8FE1-D2D2034F8ED6}.Release|Any CPU.ActiveCfg = Release|Any CPU
		{36E1A850-5013-45AF-8FE1-D2D2034F8ED6}.Release|Any CPU.Build.0 = Release|Any CPU
	EndGlobalSection
	GlobalSection(SolutionProperties) = preSolution
		HideSolutionNode = FALSE
	EndGlobalSection
	GlobalSection(ExtensibilityGlobals) = postSolution
		SolutionGuid = {1381FB52-EC36-49EA-80C2-7338CC2E2EBE}
	EndGlobalSection
EndGlobal
